// !$*UTF8*$!
{
	archiveVersion = 1;
	classes = {
	};
	objectVersion = 48;
	objects = {

/* Begin PBXBuildFile section */
		0467792A1FD13E8A005B7C69 /* AppDelegate.swift in Sources */ = {isa = PBXBuildFile; fileRef = 046779291FD13E8A005B7C69 /* AppDelegate.swift */; };
		0467792C1FD13E8A005B7C69 /* ViewController.swift in Sources */ = {isa = PBXBuildFile; fileRef = 0467792B1FD13E8A005B7C69 /* ViewController.swift */; };
		0467792F1FD13E8A005B7C69 /* Main.storyboard in Resources */ = {isa = PBXBuildFile; fileRef = 0467792D1FD13E8A005B7C69 /* Main.storyboard */; };
		046779321FD13E8A005B7C69 /* CoreData.xcdatamodeld in Sources */ = {isa = PBXBuildFile; fileRef = 046779301FD13E8A005B7C69 /* CoreData.xcdatamodeld */; };
		046779341FD13E8A005B7C69 /* Assets.xcassets in Resources */ = {isa = PBXBuildFile; fileRef = 046779331FD13E8A005B7C69 /* Assets.xcassets */; };
		046779371FD13E8A005B7C69 /* LaunchScreen.storyboard in Resources */ = {isa = PBXBuildFile; fileRef = 046779351FD13E8A005B7C69 /* LaunchScreen.storyboard */; };
		046779421FD13E8B005B7C69 /* CoreDataTests.swift in Sources */ = {isa = PBXBuildFile; fileRef = 046779411FD13E8B005B7C69 /* CoreDataTests.swift */; };
		0467794D1FD13E8B005B7C69 /* CoreDataUITests.swift in Sources */ = {isa = PBXBuildFile; fileRef = 0467794C1FD13E8B005B7C69 /* CoreDataUITests.swift */; };
/* End PBXBuildFile section */

/* Begin PBXContainerItemProxy section */
		0467793E1FD13E8A005B7C69 /* PBXContainerItemProxy */ = {
			isa = PBXContainerItemProxy;
			containerPortal = 0467791E1FD13E8A005B7C69 /* Project object */;
			proxyType = 1;
			remoteGlobalIDString = 046779251FD13E8A005B7C69;
			remoteInfo = CoreData;
		};
		046779491FD13E8B005B7C69 /* PBXContainerItemProxy */ = {
			isa = PBXContainerItemProxy;
			containerPortal = 0467791E1FD13E8A005B7C69 /* Project object */;
			proxyType = 1;
			remoteGlobalIDString = 046779251FD13E8A005B7C69;
			remoteInfo = CoreData;
		};
/* End PBXContainerItemProxy section */

/* Begin PBXFileReference section */
		046779261FD13E8A005B7C69 /* CoreData.app */ = {isa = PBXFileReference; explicitFileType = wrapper.application; includeInIndex = 0; path = CoreData.app; sourceTree = BUILT_PRODUCTS_DIR; };
		046779291FD13E8A005B7C69 /* AppDelegate.swift */ = {isa = PBXFileReference; lastKnownFileType = sourcecode.swift; path = AppDelegate.swift; sourceTree = "<group>"; };
		0467792B1FD13E8A005B7C69 /* ViewController.swift */ = {isa = PBXFileReference; lastKnownFileType = sourcecode.swift; path = ViewController.swift; sourceTree = "<group>"; };
		0467792E1FD13E8A005B7C69 /* Base */ = {isa = PBXFileReference; lastKnownFileType = file.storyboard; name = Base; path = Base.lproj/Main.storyboard; sourceTree = "<group>"; };
		046779311FD13E8A005B7C69 /* CoreData.xcdatamodel */ = {isa = PBXFileReference; lastKnownFileType = wrapper.xcdatamodel; path = CoreData.xcdatamodel; sourceTree = "<group>"; };
		046779331FD13E8A005B7C69 /* Assets.xcassets */ = {isa = PBXFileReference; lastKnownFileType = folder.assetcatalog; path = Assets.xcassets; sourceTree = "<group>"; };
		046779361FD13E8A005B7C69 /* Base */ = {isa = PBXFileReference; lastKnownFileType = file.storyboard; name = Base; path = Base.lproj/LaunchScreen.storyboard; sourceTree = "<group>"; };
		046779381FD13E8A005B7C69 /* Info.plist */ = {isa = PBXFileReference; lastKnownFileType = text.plist.xml; path = Info.plist; sourceTree = "<group>"; };
		0467793D1FD13E8A005B7C69 /* CoreDataTests.xctest */ = {isa = PBXFileReference; explicitFileType = wrapper.cfbundle; includeInIndex = 0; path = CoreDataTests.xctest; sourceTree = BUILT_PRODUCTS_DIR; };
		046779411FD13E8B005B7C69 /* CoreDataTests.swift */ = {isa = PBXFileReference; lastKnownFileType = sourcecode.swift; path = CoreDataTests.swift; sourceTree = "<group>"; };
		046779431FD13E8B005B7C69 /* Info.plist */ = {isa = PBXFileReference; lastKnownFileType = text.plist.xml; path = Info.plist; sourceTree = "<group>"; };
		046779481FD13E8B005B7C69 /* CoreDataUITests.xctest */ = {isa = PBXFileReference; explicitFileType = wrapper.cfbundle; includeInIndex = 0; path = CoreDataUITests.xctest; sourceTree = BUILT_PRODUCTS_DIR; };
		0467794C1FD13E8B005B7C69 /* CoreDataUITests.swift */ = {isa = PBXFileReference; lastKnownFileType = sourcecode.swift; path = CoreDataUITests.swift; sourceTree = "<group>"; };
		0467794E1FD13E8B005B7C69 /* Info.plist */ = {isa = PBXFileReference; lastKnownFileType = text.plist.xml; path = Info.plist; sourceTree = "<group>"; };
/* End PBXFileReference section */

/* Begin PBXFrameworksBuildPhase section */
		046779231FD13E8A005B7C69 /* Frameworks */ = {
			isa = PBXFrameworksBuildPhase;
			buildActionMask = 2147483647;
			files = (
			);
			runOnlyForDeploymentPostprocessing = 0;
		};
		0467793A1FD13E8A005B7C69 /* Frameworks */ = {
			isa = PBXFrameworksBuildPhase;
			buildActionMask = 2147483647;
			files = (
			);
			runOnlyForDeploymentPostprocessing = 0;
		};
		046779451FD13E8B005B7C69 /* Frameworks */ = {
			isa = PBXFrameworksBuildPhase;
			buildActionMask = 2147483647;
			files = (
			);
			runOnlyForDeploymentPostprocessing = 0;
		};
/* End PBXFrameworksBuildPhase section */

/* Begin PBXGroup section */
		0467791D1FD13E8A005B7C69 = {
			isa = PBXGroup;
			children = (
				046779281FD13E8A005B7C69 /* CoreData */,
				046779401FD13E8A005B7C69 /* CoreDataTests */,
				0467794B1FD13E8B005B7C69 /* CoreDataUITests */,
				046779271FD13E8A005B7C69 /* Products */,
			);
			sourceTree = "<group>";
		};
		046779271FD13E8A005B7C69 /* Products */ = {
			isa = PBXGroup;
			children = (
				046779261FD13E8A005B7C69 /* CoreData.app */,
				0467793D1FD13E8A005B7C69 /* CoreDataTests.xctest */,
				046779481FD13E8B005B7C69 /* CoreDataUITests.xctest */,
			);
			name = Products;
			sourceTree = "<group>";
		};
		046779281FD13E8A005B7C69 /* CoreData */ = {
			isa = PBXGroup;
			children = (
				046779291FD13E8A005B7C69 /* AppDelegate.swift */,
				0467792B1FD13E8A005B7C69 /* ViewController.swift */,
				0467792D1FD13E8A005B7C69 /* Main.storyboard */,
				046779331FD13E8A005B7C69 /* Assets.xcassets */,
				046779351FD13E8A005B7C69 /* LaunchScreen.storyboard */,
				046779381FD13E8A005B7C69 /* Info.plist */,
				046779301FD13E8A005B7C69 /* CoreData.xcdatamodeld */,
			);
			path = CoreData;
			sourceTree = "<group>";
		};
		046779401FD13E8A005B7C69 /* CoreDataTests */ = {
			isa = PBXGroup;
			children = (
				046779411FD13E8B005B7C69 /* CoreDataTests.swift */,
				046779431FD13E8B005B7C69 /* Info.plist */,
			);
			path = CoreDataTests;
			sourceTree = "<group>";
		};
		0467794B1FD13E8B005B7C69 /* CoreDataUITests */ = {
			isa = PBXGroup;
			children = (
				0467794C1FD13E8B005B7C69 /* CoreDataUITests.swift */,
				0467794E1FD13E8B005B7C69 /* Info.plist */,
			);
			path = CoreDataUITests;
			sourceTree = "<group>";
		};
/* End PBXGroup section */

/* Begin PBXNativeTarget section */
		046779251FD13E8A005B7C69 /* CoreData */ = {
			isa = PBXNativeTarget;
			buildConfigurationList = 046779511FD13E8B005B7C69 /* Build configuration list for PBXNativeTarget "CoreData" */;
			buildPhases = (
				046779221FD13E8A005B7C69 /* Sources */,
				046779231FD13E8A005B7C69 /* Frameworks */,
				046779241FD13E8A005B7C69 /* Resources */,
			);
			buildRules = (
			);
			dependencies = (
			);
			name = CoreData;
			productName = CoreData;
			productReference = 046779261FD13E8A005B7C69 /* CoreData.app */;
			productType = "com.apple.product-type.application";
		};
		0467793C1FD13E8A005B7C69 /* CoreDataTests */ = {
			isa = PBXNativeTarget;
			buildConfigurationList = 046779541FD13E8B005B7C69 /* Build configuration list for PBXNativeTarget "CoreDataTests" */;
			buildPhases = (
				046779391FD13E8A005B7C69 /* Sources */,
				0467793A1FD13E8A005B7C69 /* Frameworks */,
				0467793B1FD13E8A005B7C69 /* Resources */,
			);
			buildRules = (
			);
			dependencies = (
				0467793F1FD13E8A005B7C69 /* PBXTargetDependency */,
			);
			name = CoreDataTests;
			productName = CoreDataTests;
			productReference = 0467793D1FD13E8A005B7C69 /* CoreDataTests.xctest */;
			productType = "com.apple.product-type.bundle.unit-test";
		};
		046779471FD13E8B005B7C69 /* CoreDataUITests */ = {
			isa = PBXNativeTarget;
			buildConfigurationList = 046779571FD13E8B005B7C69 /* Build configuration list for PBXNativeTarget "CoreDataUITests" */;
			buildPhases = (
				046779441FD13E8B005B7C69 /* Sources */,
				046779451FD13E8B005B7C69 /* Frameworks */,
				046779461FD13E8B005B7C69 /* Resources */,
			);
			buildRules = (
			);
			dependencies = (
				0467794A1FD13E8B005B7C69 /* PBXTargetDependency */,
			);
			name = CoreDataUITests;
			productName = CoreDataUITests;
			productReference = 046779481FD13E8B005B7C69 /* CoreDataUITests.xctest */;
			productType = "com.apple.product-type.bundle.ui-testing";
		};
/* End PBXNativeTarget section */

/* Begin PBXProject section */
		0467791E1FD13E8A005B7C69 /* Project object */ = {
			isa = PBXProject;
			attributes = {
				LastSwiftUpdateCheck = 0900;
				LastUpgradeCheck = 0900;
				ORGANIZATIONNAME = modi;
				TargetAttributes = {
					046779251FD13E8A005B7C69 = {
						CreatedOnToolsVersion = 9.0;
						ProvisioningStyle = Automatic;
					};
					0467793C1FD13E8A005B7C69 = {
						CreatedOnToolsVersion = 9.0;
						ProvisioningStyle = Automatic;
						TestTargetID = 046779251FD13E8A005B7C69;
					};
					046779471FD13E8B005B7C69 = {
						CreatedOnToolsVersion = 9.0;
						ProvisioningStyle = Automatic;
						TestTargetID = 046779251FD13E8A005B7C69;
					};
				};
			};
			buildConfigurationList = 046779211FD13E8A005B7C69 /* Build configuration list for PBXProject "CoreData" */;
			compatibilityVersion = "Xcode 8.0";
			developmentRegion = en;
			hasScannedForEncodings = 0;
			knownRegions = (
				en,
				Base,
			);
			mainGroup = 0467791D1FD13E8A005B7C69;
			productRefGroup = 046779271FD13E8A005B7C69 /* Products */;
			projectDirPath = "";
			projectRoot = "";
			targets = (
				046779251FD13E8A005B7C69 /* CoreData */,
				0467793C1FD13E8A005B7C69 /* CoreDataTests */,
				046779471FD13E8B005B7C69 /* CoreDataUITests */,
			);
		};
/* End PBXProject section */

/* Begin PBXResourcesBuildPhase section */
		046779241FD13E8A005B7C69 /* Resources */ = {
			isa = PBXResourcesBuildPhase;
			buildActionMask = 2147483647;
			files = (
				046779371FD13E8A005B7C69 /* LaunchScreen.storyboard in Resources */,
				046779341FD13E8A005B7C69 /* Assets.xcassets in Resources */,
				0467792F1FD13E8A005B7C69 /* Main.storyboard in Resources */,
			);
			runOnlyForDeploymentPostprocessing = 0;
		};
		0467793B1FD13E8A005B7C69 /* Resources */ = {
			isa = PBXResourcesBuildPhase;
			buildActionMask = 2147483647;
			files = (
			);
			runOnlyForDeploymentPostprocessing = 0;
		};
		046779461FD13E8B005B7C69 /* Resources */ = {
			isa = PBXResourcesBuildPhase;
			buildActionMask = 2147483647;
			files = (
			);
			runOnlyForDeploymentPostprocessing = 0;
		};
/* End PBXResourcesBuildPhase section */

/* Begin PBXSourcesBuildPhase section */
		046779221FD13E8A005B7C69 /* Sources */ = {
			isa = PBXSourcesBuildPhase;
			buildActionMask = 2147483647;
			files = (
				0467792C1FD13E8A005B7C69 /* ViewController.swift in Sources */,
				0467792A1FD13E8A005B7C69 /* AppDelegate.swift in Sources */,
				046779321FD13E8A005B7C69 /* CoreData.xcdatamodeld in Sources */,
			);
			runOnlyForDeploymentPostprocessing = 0;
		};
		046779391FD13E8A005B7C69 /* Sources */ = {
			isa = PBXSourcesBuildPhase;
			buildActionMask = 2147483647;
			files = (
				046779421FD13E8B005B7C69 /* CoreDataTests.swift in Sources */,
			);
			runOnlyForDeploymentPostprocessing = 0;
		};
		046779441FD13E8B005B7C69 /* Sources */ = {
			isa = PBXSourcesBuildPhase;
			buildActionMask = 2147483647;
			files = (
				0467794D1FD13E8B005B7C69 /* CoreDataUITests.swift in Sources */,
			);
			runOnlyForDeploymentPostprocessing = 0;
		};
/* End PBXSourcesBuildPhase section */

/* Begin PBXTargetDependency section */
		0467793F1FD13E8A005B7C69 /* PBXTargetDependency */ = {
			isa = PBXTargetDependency;
			target = 046779251FD13E8A005B7C69 /* CoreData */;
			targetProxy = 0467793E1FD13E8A005B7C69 /* PBXContainerItemProxy */;
		};
		0467794A1FD13E8B005B7C69 /* PBXTargetDependency */ = {
			isa = PBXTargetDependency;
			target = 046779251FD13E8A005B7C69 /* CoreData */;
			targetProxy = 046779491FD13E8B005B7C69 /* PBXContainerItemProxy */;
		};
/* End PBXTargetDependency section */

/* Begin PBXVariantGroup section */
		0467792D1FD13E8A005B7C69 /* Main.storyboard */ = {
			isa = PBXVariantGroup;
			children = (
				0467792E1FD13E8A005B7C69 /* Base */,
			);
			name = Main.storyboard;
			sourceTree = "<group>";
		};
		046779351FD13E8A005B7C69 /* LaunchScreen.storyboard */ = {
			isa = PBXVariantGroup;
			children = (
				046779361FD13E8A005B7C69 /* Base */,
			);
			name = LaunchScreen.storyboard;
			sourceTree = "<group>";
		};
/* End PBXVariantGroup section */

/* Begin XCBuildConfiguration section */
		0467794F1FD13E8B005B7C69 /* Debug */ = {
			isa = XCBuildConfiguration;
			buildSettings = {
				ALWAYS_SEARCH_USER_PATHS = NO;
				CLANG_ANALYZER_NONNULL = YES;
				CLANG_ANALYZER_NUMBER_OBJECT_CONVERSION = YES_AGGRESSIVE;
				CLANG_CXX_LANGUAGE_STANDARD = "gnu++14";
				CLANG_CXX_LIBRARY = "libc++";
				CLANG_ENABLE_MODULES = YES;
				CLANG_ENABLE_OBJC_ARC = YES;
				CLANG_WARN_BLOCK_CAPTURE_AUTORELEASING = YES;
				CLANG_WARN_BOOL_CONVERSION = YES;
				CLANG_WARN_COMMA = YES;
				CLANG_WARN_CONSTANT_CONVERSION = YES;
				CLANG_WARN_DIRECT_OBJC_ISA_USAGE = YES_ERROR;
				CLANG_WARN_DOCUMENTATION_COMMENTS = YES;
				CLANG_WARN_EMPTY_BODY = YES;
				CLANG_WARN_ENUM_CONVERSION = YES;
				CLANG_WARN_INFINITE_RECURSION = YES;
				CLANG_WARN_INT_CONVERSION = YES;
				CLANG_WARN_NON_LITERAL_NULL_CONVERSION = YES;
				CLANG_WARN_OBJC_LITERAL_CONVERSION = YES;
				CLANG_WARN_OBJC_ROOT_CLASS = YES_ERROR;
				CLANG_WARN_RANGE_LOOP_ANALYSIS = YES;
				CLANG_WARN_STRICT_PROTOTYPES = YES;
				CLANG_WARN_SUSPICIOUS_MOVE = YES;
				CLANG_WARN_UNGUARDED_AVAILABILITY = YES_AGGRESSIVE;
				CLANG_WARN_UNREACHABLE_CODE = YES;
				CLANG_WARN__DUPLICATE_METHOD_MATCH = YES;
				CODE_SIGN_IDENTITY = "iPhone Developer";
				COPY_PHASE_STRIP = NO;
				DEBUG_INFORMATION_FORMAT = dwarf;
				ENABLE_STRICT_OBJC_MSGSEND = YES;
				ENABLE_TESTABILITY = YES;
				GCC_C_LANGUAGE_STANDARD = gnu11;
				GCC_DYNAMIC_NO_PIC = NO;
				GCC_NO_COMMON_BLOCKS = YES;
				GCC_OPTIMIZATION_LEVEL = 0;
				GCC_PREPROCESSOR_DEFINITIONS = (
					"DEBUG=1",
					"$(inherited)",
				);
				GCC_WARN_64_TO_32_BIT_CONVERSION = YES;
				GCC_WARN_ABOUT_RETURN_TYPE = YES_ERROR;
				GCC_WARN_UNDECLARED_SELECTOR = YES;
				GCC_WARN_UNINITIALIZED_AUTOS = YES_AGGRESSIVE;
				GCC_WARN_UNUSED_FUNCTION = YES;
				GCC_WARN_UNUSED_VARIABLE = YES;
				IPHONEOS_DEPLOYMENT_TARGET = 11.0;
				MTL_ENABLE_DEBUG_INFO = YES;
				ONLY_ACTIVE_ARCH = YES;
				SDKROOT = iphoneos;
				SWIFT_ACTIVE_COMPILATION_CONDITIONS = DEBUG;
				SWIFT_OPTIMIZATION_LEVEL = "-Onone";
			};
			name = Debug;
		};
		046779501FD13E8B005B7C69 /* Release */ = {
			isa = XCBuildConfiguration;
			buildSettings = {
				ALWAYS_SEARCH_USER_PATHS = NO;
				CLANG_ANALYZER_NONNULL = YES;
				CLANG_ANALYZER_NUMBER_OBJECT_CONVERSION = YES_AGGRESSIVE;
				CLANG_CXX_LANGUAGE_STANDARD = "gnu++14";
				CLANG_CXX_LIBRARY = "libc++";
				CLANG_ENABLE_MODULES = YES;
				CLANG_ENABLE_OBJC_ARC = YES;
				CLANG_WARN_BLOCK_CAPTURE_AUTORELEASING = YES;
				CLANG_WARN_BOOL_CONVERSION = YES;
				CLANG_WARN_COMMA = YES;
				CLANG_WARN_CONSTANT_CONVERSION = YES;
				CLANG_WARN_DIRECT_OBJC_ISA_USAGE = YES_ERROR;
				CLANG_WARN_DOCUMENTATION_COMMENTS = YES;
				CLANG_WARN_EMPTY_BODY = YES;
				CLANG_WARN_ENUM_CONVERSION = YES;
				CLANG_WARN_INFINITE_RECURSION = YES;
				CLANG_WARN_INT_CONVERSION = YES;
				CLANG_WARN_NON_LITERAL_NULL_CONVERSION = YES;
				CLANG_WARN_OBJC_LITERAL_CONVERSION = YES;
				CLANG_WARN_OBJC_ROOT_CLASS = YES_ERROR;
				CLANG_WARN_RANGE_LOOP_ANALYSIS = YES;
				CLANG_WARN_STRICT_PROTOTYPES = YES;
				CLANG_WARN_SUSPICIOUS_MOVE = YES;
				CLANG_WARN_UNGUARDED_AVAILABILITY = YES_AGGRESSIVE;
				CLANG_WARN_UNREACHABLE_CODE = YES;
				CLANG_WARN__DUPLICATE_METHOD_MATCH = YES;
				CODE_SIGN_IDENTITY = "iPhone Developer";
				COPY_PHASE_STRIP = NO;
				DEBUG_INFORMATION_FORMAT = "dwarf-with-dsym";
				ENABLE_NS_ASSERTIONS = NO;
				ENABLE_STRICT_OBJC_MSGSEND = YES;
				GCC_C_LANGUAGE_STANDARD = gnu11;
				GCC_NO_COMMON_BLOCKS = YES;
				GCC_WARN_64_TO_32_BIT_CONVERSION = YES;
				GCC_WARN_ABOUT_RETURN_TYPE = YES_ERROR;
				GCC_WARN_UNDECLARED_SELECTOR = YES;
				GCC_WARN_UNINITIALIZED_AUTOS = YES_AGGRESSIVE;
				GCC_WARN_UNUSED_FUNCTION = YES;
				GCC_WARN_UNUSED_VARIABLE = YES;
				IPHONEOS_DEPLOYMENT_TARGET = 11.0;
				MTL_ENABLE_DEBUG_INFO = NO;
				SDKROOT = iphoneos;
				SWIFT_OPTIMIZATION_LEVEL = "-Owholemodule";
				VALIDATE_PRODUCT = YES;
			};
			name = Release;
		};
		046779521FD13E8B005B7C69 /* Debug */ = {
			isa = XCBuildConfiguration;
			buildSettings = {
				ASSETCATALOG_COMPILER_APPICON_NAME = AppIcon;
				CODE_SIGN_STYLE = Automatic;
				INFOPLIST_FILE = CoreData/Info.plist;
				LD_RUNPATH_SEARCH_PATHS = "$(inherited) @executable_path/Frameworks";
				PRODUCT_BUNDLE_IDENTIFIER = com.modi.CoreData;
				PRODUCT_NAME = "$(TARGET_NAME)";
				SWIFT_VERSION = 4.0;
				TARGETED_DEVICE_FAMILY = "1,2";
			};
			name = Debug;
		};
		046779531FD13E8B005B7C69 /* Release */ = {
			isa = XCBuildConfiguration;
			buildSettings = {
				ASSETCATALOG_COMPILER_APPICON_NAME = AppIcon;
				CODE_SIGN_STYLE = Automatic;
				INFOPLIST_FILE = CoreData/Info.plist;
				LD_RUNPATH_SEARCH_PATHS = "$(inherited) @executable_path/Frameworks";
				PRODUCT_BUNDLE_IDENTIFIER = com.modi.CoreData;
				PRODUCT_NAME = "$(TARGET_NAME)";
				SWIFT_VERSION = 4.0;
				TARGETED_DEVICE_FAMILY = "1,2";
			};
			name = Release;
		};
		046779551FD13E8B005B7C69 /* Debug */ = {
			isa = XCBuildConfiguration;
			buildSettings = {
				ALWAYS_EMBED_SWIFT_STANDARD_LIBRARIES = YES;
				BUNDLE_LOADER = "$(TEST_HOST)";
				CODE_SIGN_STYLE = Automatic;
				INFOPLIST_FILE = CoreDataTests/Info.plist;
				LD_RUNPATH_SEARCH_PATHS = "$(inherited) @executable_path/Frameworks @loader_path/Frameworks";
				PRODUCT_BUNDLE_IDENTIFIER = com.modi.CoreDataTests;
				PRODUCT_NAME = "$(TARGET_NAME)";
				SWIFT_VERSION = 4.0;
				TARGETED_DEVICE_FAMILY = "1,2";
				TEST_HOST = "$(BUILT_PRODUCTS_DIR)/CoreData.app/CoreData";
			};
			name = Debug;
		};
		046779561FD13E8B005B7C69 /* Release */ = {
			isa = XCBuildConfiguration;
			buildSettings = {
				ALWAYS_EMBED_SWIFT_STANDARD_LIBRARIES = YES;
				BUNDLE_LOADER = "$(TEST_HOST)";
				CODE_SIGN_STYLE = Automatic;
				INFOPLIST_FILE = CoreDataTests/Info.plist;
				LD_RUNPATH_SEARCH_PATHS = "$(inherited) @executable_path/Frameworks @loader_path/Frameworks";
				PRODUCT_BUNDLE_IDENTIFIER = com.modi.CoreDataTests;
				PRODUCT_NAME = "$(TARGET_NAME)";
				SWIFT_VERSION = 4.0;
				TARGETED_DEVICE_FAMILY = "1,2";
				TEST_HOST = "$(BUILT_PRODUCTS_DIR)/CoreData.app/CoreData";
			};
			name = Release;
		};
		046779581FD13E8B005B7C69 /* Debug */ = {
			isa = XCBuildConfiguration;
			buildSettings = {
				ALWAYS_EMBED_SWIFT_STANDARD_LIBRARIES = YES;
				CODE_SIGN_STYLE = Automatic;
				INFOPLIST_FILE = CoreDataUITests/Info.plist;
				LD_RUNPATH_SEARCH_PATHS = "$(inherited) @executable_path/Frameworks @loader_path/Frameworks";
				PRODUCT_BUNDLE_IDENTIFIER = com.modi.CoreDataUITests;
				PRODUCT_NAME = "$(TARGET_NAME)";
				SWIFT_VERSION = 4.0;
				TARGETED_DEVICE_FAMILY = "1,2";
				TEST_TARGET_NAME = CoreData;
			};
			name = Debug;
		};
		046779591FD13E8B005B7C69 /* Release */ = {
			isa = XCBuildConfiguration;
			buildSettings = {
				ALWAYS_EMBED_SWIFT_STANDARD_LIBRARIES = YES;
				CODE_SIGN_STYLE = Automatic;
				INFOPLIST_FILE = CoreDataUITests/Info.plist;
				LD_RUNPATH_SEARCH_PATHS = "$(inherited) @executable_path/Frameworks @loader_path/Frameworks";
				PRODUCT_BUNDLE_IDENTIFIER = com.modi.CoreDataUITests;
				PRODUCT_NAME = "$(TARGET_NAME)";
				SWIFT_VERSION = 4.0;
				TARGETED_DEVICE_FAMILY = "1,2";
				TEST_TARGET_NAME = CoreData;
			};
			name = Release;
		};
/* End XCBuildConfiguration section */

/* Begin XCConfigurationList section */
		046779211FD13E8A005B7C69 /* Build configuration list for PBXProject "CoreData" */ = {
			isa = XCConfigurationList;
			buildConfigurations = (
				0467794F1FD13E8B005B7C69 /* Debug */,
				046779501FD13E8B005B7C69 /* Release */,
			);
			defaultConfigurationIsVisible = 0;
			defaultConfigurationName = Release;
		};
		046779511FD13E8B005B7C69 /* Build configuration list for PBXNativeTarget "CoreData" */ = {
			isa = XCConfigurationList;
			buildConfigurations = (
				046779521FD13E8B005B7C69 /* Debug */,
				046779531FD13E8B005B7C69 /* Release */,
			);
			defaultConfigurationIsVisible = 0;
			defaultConfigurationName = Release;
		};
		046779541FD13E8B005B7C69 /* Build configuration list for PBXNativeTarget "CoreDataTests" */ = {
			isa = XCConfigurationList;
			buildConfigurations = (
				046779551FD13E8B005B7C69 /* Debug */,
				046779561FD13E8B005B7C69 /* Release */,
			);
			defaultConfigurationIsVisible = 0;
			defaultConfigurationName = Release;
		};
		046779571FD13E8B005B7C69 /* Build configuration list for PBXNativeTarget "CoreDataUITests" */ = {
			isa = XCConfigurationList;
			buildConfigurations = (
				046779581FD13E8B005B7C69 /* Debug */,
				046779591FD13E8B005B7C69 /* Release */,
			);
			defaultConfigurationIsVisible = 0;
			defaultConfigurationName = Release;
		};
/* End XCConfigurationList section */

/* Begin XCVersionGroup section */
		046779301FD13E8A005B7C69 /* CoreData.xcdatamodeld */ = {
			isa = XCVersionGroup;
			children = (
				046779311FD13E8A005B7C69 /* CoreData.xcdatamodel */,
			);
			currentVersion = 046779311FD13E8A005B7C69 /* CoreData.xcdatamodel */;
			path = CoreData.xcdatamodeld;
			sourceTree = "<group>";
			versionGroupType = wrapper.xcdatamodel;
		};
/* End XCVersionGroup section */
	};
	rootObject = 0467791E1FD13E8A005B7C69 /* Project object */;
}
